
Microsoft Visual Studio Solution File, Format Version 12.00
# Visual Studio 15
VisualStudioVersion = 15.0.28307.645
MinimumVisualStudioVersion = 10.0.40219.1
Project("{FAE04EC0-301F-11D3-BF4B-00C04F79EFBC}") = "FiveCardsPoker", "FiveCardsPoker\FiveCardsPoker.csproj", "{071D774D-E0FC-4417-8DE8-BCC36AA13878}"
EndProject
Project("{FAE04EC0-301F-11D3-BF4B-00C04F79EFBC}") = "Cards", "Cards\Cards.csproj", "{B8B34C1B-C9C5-48B0-8652-B18B72EE2F93}"
EndProject
Global
	GlobalSection(SolutionConfigurationPlatforms) = preSolution
		Debug|Any CPU = Debug|Any CPU
		Release|Any CPU = Release|Any CPU
	EndGlobalSection
	GlobalSection(ProjectConfigurationPlatforms) = postSolution
		{071D774D-E0FC-4417-8DE8-BCC36AA13878}.Debug|Any CPU.ActiveCfg = Debug|Any CPU
		{071D774D-E0FC-4417-8DE8-BCC36AA13878}.Debug|Any CPU.Build.0 = Debug|Any CPU
		{071D774D-E0FC-4417-8DE8-BCC36AA13878}.Release|Any CPU.ActiveCfg = Release|Any CPU
		{071D774D-E0FC-4417-8DE8-BCC36AA13878}.Release|Any CPU.Build.0 = Release|Any CPU
		{B8B34C1B-C9C5-48B0-8652-B18B72EE2F93}.Debug|Any CPU.ActiveCfg = Debug|Any CPU
		{B8B34C1B-C9C5-48B0-8652-B18B72EE2F93}.Debug|Any CPU.Build.0 = Debug|Any CPU
		{B8B34C1B-C9C5-48B0-8652-B18B72EE2F93}.Release|Any CPU.ActiveCfg = Release|Any CPU
		{B8B34C1B-C9C5-48B0-8652-B18B72EE2F93}.Release|Any CPU.Build.0 = Release|Any CPU
	EndGlobalSection
	GlobalSection(SolutionProperties) = preSolution
		HideSolutionNode = FALSE
	EndGlobalSection
	GlobalSection(ExtensibilityGlobals) = postSolution
		SolutionGuid = {B1D05BB4-B4B9-41B2-A2EA-FA2314150FEE}
	EndGlobalSection
EndGlobal
